
Microsoft Visual Studio Solution File, Format Version 12.00
# Visual Studio Version 16
VisualStudioVersion = 16.0.30611.23
MinimumVisualStudioVersion = 10.0.40219.1
Project("{FAE04EC0-301F-11D3-BF4B-00C04F79EFBC}") = "Singleton", "Singleton\Singleton.csproj", "{D9B7EE4C-BEA9-4FD9-8FB9-49DF383CFC24}"
EndProject
Global
	GlobalSection(SolutionConfigurationPlatforms) = preSolution
		Debug|Any CPU = Debug|Any CPU
		Release|Any CPU = Release|Any CPU
	EndGlobalSection
	GlobalSection(ProjectConfigurationPlatforms) = postSolution
		{D9B7EE4C-BEA9-4FD9-8FB9-49DF383CFC24}.Debug|Any CPU.ActiveCfg = Debug|Any CPU
		{D9B7EE4C-BEA9-4FD9-8FB9-49DF383CFC24}.Debug|Any CPU.Build.0 = Debug|Any CPU
		{D9B7EE4C-BEA9-4FD9-8FB9-49DF383CFC24}.Release|Any CPU.ActiveCfg = Release|Any CPU
		{D9B7EE4C-BEA9-4FD9-8FB9-49DF383CFC24}.Release|Any CPU.Build.0 = Release|Any CPU
	EndGlobalSection
	GlobalSection(SolutionProperties) = preSolution
		HideSolutionNode = FALSE
	EndGlobalSection
	GlobalSection(ExtensibilityGlobals) = postSolution
		SolutionGuid = {62E5E3F1-6032-44D1-B9C3-25E7E8061211}
	EndGlobalSection
EndGlobal
